{
  "nodes": {
    "nixpkgs": {
      "locked": {
        "lastModified": 1611904730,
        "narHash": "sha256-HJm80EZbH72vJ46wzlQ3dI4RzjjBYhGwYF8UXR3z8D4=",
        "owner": "NixOS",
        "repo": "nixpkgs",
        "rev": "e5ce05cc1eee0b8d890726e9826791ef95c51793",
        "type": "github"
      },
      "original": {
        "id": "nixpkgs",
        "type": "indirect"
      }
    },
    "root": {
      "inputs": {
        "nixpkgs": "nixpkgs"
      }
    }
  },
  "root": "root",
  "version": 7
}
